
Microsoft Visual Studio Solution File, Format Version 12.00
# Visual Studio 2013
VisualStudioVersion = 12.0.21005.1
MinimumVisualStudioVersion = 10.0.40219.1
Project("{FAE04EC0-301F-11D3-BF4B-00C04F79EFBC}") = "HeiMa.OA.Model", "HeiMa.OA.Model\HeiMa.OA.Model.csproj", "{2429E3AF-3238-4599-AB93-19595E80817D}"
EndProject
Project("{FAE04EC0-301F-11D3-BF4B-00C04F79EFBC}") = "HeiMa.OA.EF_DAL", "HeiMa.OA.EF_DAL\HeiMa.OA.EF_DAL.csproj", "{A83AD409-F7C9-4F31-8DD5-D9BC02601ECF}"
EndProject
Project("{FAE04EC0-301F-11D3-BF4B-00C04F79EFBC}") = "HeiMa.OA.Ado_DAL", "HeiMa.OA.Ado_DAL\HeiMa.OA.Ado_DAL.csproj", "{622C41E5-06EC-49F2-9402-7B98228478AB}"
EndProject
Project("{FAE04EC0-301F-11D3-BF4B-00C04F79EFBC}") = "HeiMa.OA.IDAL", "HeiMa.OA.IDAL\HeiMa.OA.IDAL.csproj", "{4893E67A-B578-4120-A5C6-BB2B6112BBA4}"
EndProject
Project("{FAE04EC0-301F-11D3-BF4B-00C04F79EFBC}") = "HeiMa.OA.Factory", "HeiMa.OA.Factory\HeiMa.OA.Factory.csproj", "{537D059D-75D5-4165-884C-52D9AB0325C2}"
EndProject
Project("{FAE04EC0-301F-11D3-BF4B-00C04F79EFBC}") = "HeiMa.OA.BLL", "HeiMA.OA.BLL\HeiMa.OA.BLL.csproj", "{3D0E951B-CFC1-4973-9F63-80858F856488}"
EndProject
Project("{2150E333-8FDC-42A3-9474-1A3956D46DE8}") = "Model", "Model", "{69984059-DA7C-4D22-BD46-47C28264E27B}"
EndProject
Project("{2150E333-8FDC-42A3-9474-1A3956D46DE8}") = "DAL", "DAL", "{2CB549CF-B51F-434E-9297-34A6C2F0984F}"
EndProject
Project("{2150E333-8FDC-42A3-9474-1A3956D46DE8}") = "BLL", "BLL", "{AEE0CC5F-182C-4E65-85C2-1FC2B12587EE}"
EndProject
Project("{FAE04EC0-301F-11D3-BF4B-00C04F79EFBC}") = "HeiMA.OA.UI.Portal.Tests", "HeiMA.OA.UI.Portal.Tests\HeiMA.OA.UI.Portal.Tests.csproj", "{F9D2EBE1-1FA1-46D3-93BF-C9447A09A317}"
EndProject
Project("{2150E333-8FDC-42A3-9474-1A3956D46DE8}") = "UI", "UI", "{D5349A12-A220-4714-9031-B08E5C825580}"
EndProject
Project("{2150E333-8FDC-42A3-9474-1A3956D46DE8}") = "Unit", "Unit", "{36B4B844-2C5F-482C-9FB9-30FA8D38250D}"
EndProject
Project("{FAE04EC0-301F-11D3-BF4B-00C04F79EFBC}") = "HeiMa.OA.IBLL", "IBLL\HeiMa.OA.IBLL.csproj", "{2D602CDB-15AF-44D5-A985-5EC77CA799E6}"
EndProject
Project("{FAE04EC0-301F-11D3-BF4B-00C04F79EFBC}") = "HeiMa.OA.Common", "HeiMa.OA.Common\HeiMa.OA.Common.csproj", "{D69F8765-F3B1-4656-99DB-7DCB70B12073}"
EndProject
Project("{FAE04EC0-301F-11D3-BF4B-00C04F79EFBC}") = "HeiMA.OA.UI.Portal", "HeiMA.OA.UI.Portal\HeiMA.OA.UI.Portal.csproj", "{EAFB33B2-E65E-4C3B-A9BA-86440EBEF96D}"
EndProject
Project("{2150E333-8FDC-42A3-9474-1A3956D46DE8}") = "Common", "Common", "{C60A649F-783E-4D90-8982-240AFEE4C63A}"
EndProject
Global
	GlobalSection(SolutionConfigurationPlatforms) = preSolution
		Debug|Any CPU = Debug|Any CPU
		Release|Any CPU = Release|Any CPU
	EndGlobalSection
	GlobalSection(ProjectConfigurationPlatforms) = postSolution
		{2429E3AF-3238-4599-AB93-19595E80817D}.Debug|Any CPU.ActiveCfg = Debug|Any CPU
		{2429E3AF-3238-4599-AB93-19595E80817D}.Debug|Any CPU.Build.0 = Debug|Any CPU
		{2429E3AF-3238-4599-AB93-19595E80817D}.Release|Any CPU.ActiveCfg = Release|Any CPU
		{2429E3AF-3238-4599-AB93-19595E80817D}.Release|Any CPU.Build.0 = Release|Any CPU
		{A83AD409-F7C9-4F31-8DD5-D9BC02601ECF}.Debug|Any CPU.ActiveCfg = Debug|Any CPU
		{A83AD409-F7C9-4F31-8DD5-D9BC02601ECF}.Debug|Any CPU.Build.0 = Debug|Any CPU
		{A83AD409-F7C9-4F31-8DD5-D9BC02601ECF}.Release|Any CPU.ActiveCfg = Release|Any CPU
		{A83AD409-F7C9-4F31-8DD5-D9BC02601ECF}.Release|Any CPU.Build.0 = Release|Any CPU
		{622C41E5-06EC-49F2-9402-7B98228478AB}.Debug|Any CPU.ActiveCfg = Debug|Any CPU
		{622C41E5-06EC-49F2-9402-7B98228478AB}.Debug|Any CPU.Build.0 = Debug|Any CPU
		{622C41E5-06EC-49F2-9402-7B98228478AB}.Release|Any CPU.ActiveCfg = Release|Any CPU
		{622C41E5-06EC-49F2-9402-7B98228478AB}.Release|Any CPU.Build.0 = Release|Any CPU
		{4893E67A-B578-4120-A5C6-BB2B6112BBA4}.Debug|Any CPU.ActiveCfg = Debug|Any CPU
		{4893E67A-B578-4120-A5C6-BB2B6112BBA4}.Debug|Any CPU.Build.0 = Debug|Any CPU
		{4893E67A-B578-4120-A5C6-BB2B6112BBA4}.Release|Any CPU.ActiveCfg = Release|Any CPU
		{4893E67A-B578-4120-A5C6-BB2B6112BBA4}.Release|Any CPU.Build.0 = Release|Any CPU
		{537D059D-75D5-4165-884C-52D9AB0325C2}.Debug|Any CPU.ActiveCfg = Debug|Any CPU
		{537D059D-75D5-4165-884C-52D9AB0325C2}.Debug|Any CPU.Build.0 = Debug|Any CPU
		{537D059D-75D5-4165-884C-52D9AB0325C2}.Release|Any CPU.ActiveCfg = Release|Any CPU
		{537D059D-75D5-4165-884C-52D9AB0325C2}.Release|Any CPU.Build.0 = Release|Any CPU
		{3D0E951B-CFC1-4973-9F63-80858F856488}.Debug|Any CPU.ActiveCfg = Debug|Any CPU
		{3D0E951B-CFC1-4973-9F63-80858F856488}.Debug|Any CPU.Build.0 = Debug|Any CPU
		{3D0E951B-CFC1-4973-9F63-80858F856488}.Release|Any CPU.ActiveCfg = Release|Any CPU
		{3D0E951B-CFC1-4973-9F63-80858F856488}.Release|Any CPU.Build.0 = Release|Any CPU
		{F9D2EBE1-1FA1-46D3-93BF-C9447A09A317}.Debug|Any CPU.ActiveCfg = Debug|Any CPU
		{F9D2EBE1-1FA1-46D3-93BF-C9447A09A317}.Debug|Any CPU.Build.0 = Debug|Any CPU
		{F9D2EBE1-1FA1-46D3-93BF-C9447A09A317}.Release|Any CPU.ActiveCfg = Release|Any CPU
		{F9D2EBE1-1FA1-46D3-93BF-C9447A09A317}.Release|Any CPU.Build.0 = Release|Any CPU
		{2D602CDB-15AF-44D5-A985-5EC77CA799E6}.Debug|Any CPU.ActiveCfg = Debug|Any CPU
		{2D602CDB-15AF-44D5-A985-5EC77CA799E6}.Debug|Any CPU.Build.0 = Debug|Any CPU
		{2D602CDB-15AF-44D5-A985-5EC77CA799E6}.Release|Any CPU.ActiveCfg = Release|Any CPU
		{2D602CDB-15AF-44D5-A985-5EC77CA799E6}.Release|Any CPU.Build.0 = Release|Any CPU
		{D69F8765-F3B1-4656-99DB-7DCB70B12073}.Debug|Any CPU.ActiveCfg = Debug|Any CPU
		{D69F8765-F3B1-4656-99DB-7DCB70B12073}.Debug|Any CPU.Build.0 = Debug|Any CPU
		{D69F8765-F3B1-4656-99DB-7DCB70B12073}.Release|Any CPU.ActiveCfg = Release|Any CPU
		{D69F8765-F3B1-4656-99DB-7DCB70B12073}.Release|Any CPU.Build.0 = Release|Any CPU
		{EAFB33B2-E65E-4C3B-A9BA-86440EBEF96D}.Debug|Any CPU.ActiveCfg = Debug|Any CPU
		{EAFB33B2-E65E-4C3B-A9BA-86440EBEF96D}.Debug|Any CPU.Build.0 = Debug|Any CPU
		{EAFB33B2-E65E-4C3B-A9BA-86440EBEF96D}.Release|Any CPU.ActiveCfg = Release|Any CPU
		{EAFB33B2-E65E-4C3B-A9BA-86440EBEF96D}.Release|Any CPU.Build.0 = Release|Any CPU
	EndGlobalSection
	GlobalSection(SolutionProperties) = preSolution
		HideSolutionNode = FALSE
	EndGlobalSection
	GlobalSection(NestedProjects) = preSolution
		{2429E3AF-3238-4599-AB93-19595E80817D} = {69984059-DA7C-4D22-BD46-47C28264E27B}
		{622C41E5-06EC-49F2-9402-7B98228478AB} = {2CB549CF-B51F-434E-9297-34A6C2F0984F}
		{4893E67A-B578-4120-A5C6-BB2B6112BBA4} = {2CB549CF-B51F-434E-9297-34A6C2F0984F}
		{537D059D-75D5-4165-884C-52D9AB0325C2} = {2CB549CF-B51F-434E-9297-34A6C2F0984F}
		{A83AD409-F7C9-4F31-8DD5-D9BC02601ECF} = {2CB549CF-B51F-434E-9297-34A6C2F0984F}
		{3D0E951B-CFC1-4973-9F63-80858F856488} = {AEE0CC5F-182C-4E65-85C2-1FC2B12587EE}
		{2D602CDB-15AF-44D5-A985-5EC77CA799E6} = {AEE0CC5F-182C-4E65-85C2-1FC2B12587EE}
		{F9D2EBE1-1FA1-46D3-93BF-C9447A09A317} = {36B4B844-2C5F-482C-9FB9-30FA8D38250D}
		{EAFB33B2-E65E-4C3B-A9BA-86440EBEF96D} = {D5349A12-A220-4714-9031-B08E5C825580}
		{D69F8765-F3B1-4656-99DB-7DCB70B12073} = {C60A649F-783E-4D90-8982-240AFEE4C63A}
	EndGlobalSection
EndGlobal
